
Microsoft Visual Studio Solution File, Format Version 12.00
# Visual Studio Version 16
VisualStudioVersion = 16.0.29215.179
MinimumVisualStudioVersion = 10.0.40219.1
Project("{FAE04EC0-301F-11D3-BF4B-00C04F79EFBC}") = "Proyecto Final 2", "Proyecto Final 2.csproj", "{EA900FEE-C655-469D-84E4-A0078FE172E4}"
EndProject
Global
	GlobalSection(SolutionConfigurationPlatforms) = preSolution
		Debug|Any CPU = Debug|Any CPU
		Release|Any CPU = Release|Any CPU
	EndGlobalSection
	GlobalSection(ProjectConfigurationPlatforms) = postSolution
		{EA900FEE-C655-469D-84E4-A0078FE172E4}.Debug|Any CPU.ActiveCfg = Debug|Any CPU
		{EA900FEE-C655-469D-84E4-A0078FE172E4}.Debug|Any CPU.Build.0 = Debug|Any CPU
		{EA900FEE-C655-469D-84E4-A0078FE172E4}.Release|Any CPU.ActiveCfg = Release|Any CPU
		{EA900FEE-C655-469D-84E4-A0078FE172E4}.Release|Any CPU.Build.0 = Release|Any CPU
	EndGlobalSection
	GlobalSection(SolutionProperties) = preSolution
		HideSolutionNode = FALSE
	EndGlobalSection
	GlobalSection(ExtensibilityGlobals) = postSolution
		SolutionGuid = {05634B6B-5916-4776-A631-EB2261A2598E}
	EndGlobalSection
EndGlobal
